
Microsoft Visual Studio Solution File, Format Version 12.00
# Visual Studio Version 16
VisualStudioVersion = 16.0.31702.278
MinimumVisualStudioVersion = 10.0.40219.1
Project("{FAE04EC0-301F-11D3-BF4B-00C04F79EFBC}") = "TrainTicketBooking", "TrainTicketBooking\TrainTicketBooking.csproj", "{5C16949B-7600-4C85-8499-45BA779DB02C}"
EndProject
Project("{FAE04EC0-301F-11D3-BF4B-00C04F79EFBC}") = "UnitTestTicketBooking", "UnitTestTicketBooking\UnitTestTicketBooking.csproj", "{098A366E-1AA9-412E-9E9A-DB355F8DA4E3}"
EndProject
Global
	GlobalSection(SolutionConfigurationPlatforms) = preSolution
		Debug|Any CPU = Debug|Any CPU
		Release|Any CPU = Release|Any CPU
	EndGlobalSection
	GlobalSection(ProjectConfigurationPlatforms) = postSolution
		{5C16949B-7600-4C85-8499-45BA779DB02C}.Debug|Any CPU.ActiveCfg = Debug|Any CPU
		{5C16949B-7600-4C85-8499-45BA779DB02C}.Debug|Any CPU.Build.0 = Debug|Any CPU
		{5C16949B-7600-4C85-8499-45BA779DB02C}.Release|Any CPU.ActiveCfg = Release|Any CPU
		{5C16949B-7600-4C85-8499-45BA779DB02C}.Release|Any CPU.Build.0 = Release|Any CPU
		{098A366E-1AA9-412E-9E9A-DB355F8DA4E3}.Debug|Any CPU.ActiveCfg = Debug|Any CPU
		{098A366E-1AA9-412E-9E9A-DB355F8DA4E3}.Debug|Any CPU.Build.0 = Debug|Any CPU
		{098A366E-1AA9-412E-9E9A-DB355F8DA4E3}.Release|Any CPU.ActiveCfg = Release|Any CPU
		{098A366E-1AA9-412E-9E9A-DB355F8DA4E3}.Release|Any CPU.Build.0 = Release|Any CPU
	EndGlobalSection
	GlobalSection(SolutionProperties) = preSolution
		HideSolutionNode = FALSE
	EndGlobalSection
	GlobalSection(ExtensibilityGlobals) = postSolution
		SolutionGuid = {E7B42030-838A-4AAE-8EB6-0C97FBCEB233}
	EndGlobalSection
EndGlobal
